
Microsoft Visual Studio Solution File, Format Version 12.00
Project("{FAE04EC0-301F-11D3-BF4B-00C04F79EFBC}") = "ConsoleApplication2", "ConsoleApplication2\ConsoleApplication2.csproj", "{BCC43530-5044-4B9C-86D8-98BC24A8F2D9}"
EndProject
Global
	GlobalSection(SolutionConfigurationPlatforms) = preSolution
		Debug|Any CPU = Debug|Any CPU
		Release|Any CPU = Release|Any CPU
	EndGlobalSection
	GlobalSection(ProjectConfigurationPlatforms) = postSolution
		{BCC43530-5044-4B9C-86D8-98BC24A8F2D9}.Debug|Any CPU.ActiveCfg = Debug|Any CPU
		{BCC43530-5044-4B9C-86D8-98BC24A8F2D9}.Debug|Any CPU.Build.0 = Debug|Any CPU
		{BCC43530-5044-4B9C-86D8-98BC24A8F2D9}.Release|Any CPU.ActiveCfg = Release|Any CPU
		{BCC43530-5044-4B9C-86D8-98BC24A8F2D9}.Release|Any CPU.Build.0 = Release|Any CPU
	EndGlobalSection
EndGlobal
